{
  "nodes": {
    "nixpkgs": {
      "locked": {
        "lastModified": 0,
        "narHash": "sha256-PUQ9C7mfi0/BnaAUX2R/PIkoNCb/Jtx9EpnhMBNrO/o=",
        "path": "/nix/store/xjy7dk6ps8vzlghg3f27mrzp0gpy6vxx-source",
        "type": "path"
      },
      "original": {
        "id": "nixpkgs",
        "type": "indirect"
      }
    },
    "root": {
      "inputs": {
        "nixpkgs": "nixpkgs"
      }
    }
  },
  "root": "root",
  "version": 7
}
