{
  "nodes": {
    "nixpkgs": {
      "locked": {
        "lastModified": 1657624652,
        "narHash": "sha256-rFJNM0X/dxekT6EESSh80mlBGqztfN/XOF/oRL6in68=",
        "owner": "nixos",
        "repo": "nixpkgs",
        "rev": "68c63e60b8413260605efbe1ac5addaa099cdfb3",
        "type": "github"
      },
      "original": {
        "owner": "nixos",
        "ref": "nixos-unstable",
        "repo": "nixpkgs",
        "type": "github"
      }
    },
    "root": {
      "inputs": {
        "nixpkgs": "nixpkgs"
      }
    }
  },
  "root": "root",
  "version": 7
}
